
Microsoft Visual Studio Solution File, Format Version 12.00
# Visual Studio 15
VisualStudioVersion = 15.0.28307.1622
MinimumVisualStudioVersion = 10.0.40219.1
Project("{FAE04EC0-301F-11D3-BF4B-00C04F79EFBC}") = "MyFirstWebAPI", "MyFirstWebAPI\MyFirstWebAPI.csproj", "{686ED913-67A1-4851-9A9B-0D21789D3451}"
EndProject
Global
	GlobalSection(SolutionConfigurationPlatforms) = preSolution
		Debug|Any CPU = Debug|Any CPU
		Release|Any CPU = Release|Any CPU
	EndGlobalSection
	GlobalSection(ProjectConfigurationPlatforms) = postSolution
		{686ED913-67A1-4851-9A9B-0D21789D3451}.Debug|Any CPU.ActiveCfg = Debug|Any CPU
		{686ED913-67A1-4851-9A9B-0D21789D3451}.Debug|Any CPU.Build.0 = Debug|Any CPU
		{686ED913-67A1-4851-9A9B-0D21789D3451}.Release|Any CPU.ActiveCfg = Release|Any CPU
		{686ED913-67A1-4851-9A9B-0D21789D3451}.Release|Any CPU.Build.0 = Release|Any CPU
	EndGlobalSection
	GlobalSection(SolutionProperties) = preSolution
		HideSolutionNode = FALSE
	EndGlobalSection
	GlobalSection(ExtensibilityGlobals) = postSolution
		SolutionGuid = {B8901698-6883-4C42-AD21-2AA40137E092}
	EndGlobalSection
EndGlobal
